<?xml version="1.0" encoding="utf-8"?>
<Project ToolsVersion="4.0" xmlns="http://schemas.microsoft.com/developer/msbuild/2003">
  <ItemGroup>
    <Filter Include="源文件">
      <UniqueIdentifier>{4FC737F1-C7A5-4376-A066-2A32D752A2FF}</UniqueIdentifier>
      <Extensions>cpp;c;cc;cxx;def;odl;idl;hpj;bat;asm;asmx</Extensions>
    </Filter>
    <Filter Include="头文件">
      <UniqueIdentifier>{93995380-89BD-4b04-88EB-625FBE52EBFB}</UniqueIdentifier>
      <Extensions>h;hh;hpp;hxx;hm;inl;inc;ipp;xsd</Extensions>
    </Filter>
    <Filter Include="资源文件">
      <UniqueIdentifier>{67DA6AB6-F800-4c08-8B7A-83BB121AAD01}</UniqueIdentifier>
      <Extensions>rc;ico;cur;bmp;dlg;rc2;rct;bin;rgs;gif;jpg;jpeg;jpe;resx;tiff;tif;png;wav;mfcribbon-ms</Extensions>
    </Filter>
  </ItemGroup>
  <ItemGroup>
    <ClCompile Include="app-helpers.c">
      <Filter>源文件</Filter>
    </ClCompile>
    <ClCompile Include="cursor-capture.c">
      <Filter>源文件</Filter>
    </ClCompile>
    <ClCompile Include="dc-capture.c">
      <Filter>源文件</Filter>
    </ClCompile>
    <ClCompile Include="duplicator-monitor-capture.c">
      <Filter>源文件</Filter>
    </ClCompile>
    <ClCompile Include="game-capture.c">
      <Filter>源文件</Filter>
    </ClCompile>
    <ClCompile Include="inject-library.c">
      <Filter>源文件</Filter>
    </ClCompile>
    <ClCompile Include="load-graphics-offsets.c">
      <Filter>源文件</Filter>
    </ClCompile>
    <ClCompile Include="monitor-capture.c">
      <Filter>源文件</Filter>
    </ClCompile>
    <ClCompile Include="obfuscate.c">
      <Filter>源文件</Filter>
    </ClCompile>
    <ClCompile Include="plugin-main.c">
      <Filter>源文件</Filter>
    </ClCompile>
    <ClCompile Include="window-capture.c">
      <Filter>源文件</Filter>
    </ClCompile>
    <ClCompile Include="window-helpers.c">
      <Filter>源文件</Filter>
    </ClCompile>
  </ItemGroup>
  <ItemGroup>
    <ClInclude Include="app-helpers.h">
      <Filter>头文件</Filter>
    </ClInclude>
    <ClInclude Include="cursor-capture.h">
      <Filter>头文件</Filter>
    </ClInclude>
    <ClInclude Include="dc-capture.h">
      <Filter>头文件</Filter>
    </ClInclude>
    <ClInclude Include="funchook.h">
      <Filter>头文件</Filter>
    </ClInclude>
    <ClInclude Include="graphics-hook-info.h">
      <Filter>头文件</Filter>
    </ClInclude>
    <ClInclude Include="hook-helpers.h">
      <Filter>头文件</Filter>
    </ClInclude>
    <ClInclude Include="inject-library.h">
      <Filter>头文件</Filter>
    </ClInclude>
    <ClInclude Include="nt-stuff.h">
      <Filter>头文件</Filter>
    </ClInclude>
    <ClInclude Include="obfuscate.h">
      <Filter>头文件</Filter>
    </ClInclude>
    <ClInclude Include="window-helpers.h">
      <Filter>头文件</Filter>
    </ClInclude>
  </ItemGroup>
  <ItemGroup>
    <None Include="dc-capture.c.bak" />
  </ItemGroup>
</Project>