<?xml version="1.0" encoding="utf-8"?>
<Project ToolsVersion="4.0" xmlns="http://schemas.microsoft.com/developer/msbuild/2003">
  <ItemGroup>
    <Filter Include="audio-monitoring">
      <UniqueIdentifier>{aa7e4acd-7f64-4825-ba27-e7d4ec8f8a62}</UniqueIdentifier>
    </Filter>
    <Filter Include="audio-monitoring\Header Files">
      <UniqueIdentifier>{05139832-3f70-4338-8c4d-2393bf51a0e4}</UniqueIdentifier>
    </Filter>
    <Filter Include="audio-monitoring\Source Files">
      <UniqueIdentifier>{f8edc36b-c7bd-4fda-b6ab-b2eed9a2475b}</UniqueIdentifier>
    </Filter>
  </ItemGroup>
  <ItemGroup>
    <ClInclude Include="audio-monitoring\win32\wasapi-output.h">
      <Filter>audio-monitoring\Header Files</Filter>
    </ClInclude>
  </ItemGroup>
  <ItemGroup>
    <ClCompile Include="audio-monitoring\win32\wasapi-enum-devices.c">
      <Filter>audio-monitoring\Source Files</Filter>
    </ClCompile>
    <ClCompile Include="audio-monitoring\win32\wasapi-output.c">
      <Filter>audio-monitoring\Source Files</Filter>
    </ClCompile>
  </ItemGroup>
</Project>